
Microsoft Visual Studio Solution File, Format Version 12.00
# Visual Studio Version 18
VisualStudioVersion = 18.1.11312.151
MinimumVisualStudioVersion = 10.0.40219.1
Project("{2150E333-8FDC-42A3-9474-1A3956D46DE8}") = "Solution Items", "Solution Items", "{4A5DDC20-5DEA-41C4-B7B8-4D1C69BE2FF5}"
EndProject
Project("{F184B08F-C81C-45F6-A57F-5ABD9991F28F}") = "STA2.Net8", "STA2.Net8\STA2.Net8.vbproj", "{97FFE728-B52A-48E7-B68F-5E80FDEBD526}"
EndProject
Project("{F184B08F-C81C-45F6-A57F-5ABD9991F28F}") = "STA2.Tests", "STA2.Tests\STA2.Tests.vbproj", "{B2BB4B4A-DAE0-48F3-930F-5817B5921F23}"
EndProject
Global
	GlobalSection(SolutionConfigurationPlatforms) = preSolution
		Debug with Arguments|Any CPU = Debug with Arguments|Any CPU
		Debug with BatchLaunch|Any CPU = Debug with BatchLaunch|Any CPU
		Debug|Any CPU = Debug|Any CPU
		Release|Any CPU = Release|Any CPU
	EndGlobalSection
	GlobalSection(ProjectConfigurationPlatforms) = postSolution
		{97FFE728-B52A-48E7-B68F-5E80FDEBD526}.Debug with Arguments|Any CPU.ActiveCfg = Debug|Any CPU
		{97FFE728-B52A-48E7-B68F-5E80FDEBD526}.Debug with Arguments|Any CPU.Build.0 = Debug|Any CPU
		{97FFE728-B52A-48E7-B68F-5E80FDEBD526}.Debug with BatchLaunch|Any CPU.ActiveCfg = Debug|Any CPU
		{97FFE728-B52A-48E7-B68F-5E80FDEBD526}.Debug with BatchLaunch|Any CPU.Build.0 = Debug|Any CPU
		{97FFE728-B52A-48E7-B68F-5E80FDEBD526}.Debug|Any CPU.ActiveCfg = Debug|Any CPU
		{97FFE728-B52A-48E7-B68F-5E80FDEBD526}.Debug|Any CPU.Build.0 = Debug|Any CPU
		{97FFE728-B52A-48E7-B68F-5E80FDEBD526}.Release|Any CPU.ActiveCfg = Release|Any CPU
		{97FFE728-B52A-48E7-B68F-5E80FDEBD526}.Release|Any CPU.Build.0 = Release|Any CPU
		{B2BB4B4A-DAE0-48F3-930F-5817B5921F23}.Debug with Arguments|Any CPU.ActiveCfg = Debug|Any CPU
		{B2BB4B4A-DAE0-48F3-930F-5817B5921F23}.Debug with Arguments|Any CPU.Build.0 = Debug|Any CPU
		{B2BB4B4A-DAE0-48F3-930F-5817B5921F23}.Debug with BatchLaunch|Any CPU.ActiveCfg = Debug|Any CPU
		{B2BB4B4A-DAE0-48F3-930F-5817B5921F23}.Debug with BatchLaunch|Any CPU.Build.0 = Debug|Any CPU
		{B2BB4B4A-DAE0-48F3-930F-5817B5921F23}.Debug|Any CPU.ActiveCfg = Debug|Any CPU
		{B2BB4B4A-DAE0-48F3-930F-5817B5921F23}.Debug|Any CPU.Build.0 = Debug|Any CPU
		{B2BB4B4A-DAE0-48F3-930F-5817B5921F23}.Release|Any CPU.ActiveCfg = Release|Any CPU
		{B2BB4B4A-DAE0-48F3-930F-5817B5921F23}.Release|Any CPU.Build.0 = Release|Any CPU
	EndGlobalSection
	GlobalSection(SolutionProperties) = preSolution
		HideSolutionNode = FALSE
	EndGlobalSection
	GlobalSection(ExtensibilityGlobals) = postSolution
		SolutionGuid = {8DB4942D-842D-4FDF-A0A1-AE9CE176BB7B}
	EndGlobalSection
EndGlobal
